
Microsoft Visual Studio Solution File, Format Version 12.00
# Visual Studio 2015
Project("{FAE04EC0-301F-11D3-BF4B-00C04F79EFBC}") = "Runner.CSharp", "Runner.CSharp.csproj", "{B1C8212D-0561-FF7C-EEE2-9ED536D7EA61}"
EndProject
Project("{FAE04EC0-301F-11D3-BF4B-00C04F79EFBC}") = "Runner.CSharp.Editor", "Runner.CSharp.Editor.csproj", "{D68C1A50-78C3-CE6F-58CB-9DCC85248E47}"
EndProject
Global
	GlobalSection(SolutionConfigurationPlatforms) = preSolution
		Debug|Any CPU = Debug|Any CPU
		Release|Any CPU = Release|Any CPU
	EndGlobalSection
	GlobalSection(ProjectConfigurationPlatforms) = postSolution
		{B1C8212D-0561-FF7C-EEE2-9ED536D7EA61}.Debug|Any CPU.ActiveCfg = Debug|Any CPU
		{B1C8212D-0561-FF7C-EEE2-9ED536D7EA61}.Debug|Any CPU.Build.0 = Debug|Any CPU
		{B1C8212D-0561-FF7C-EEE2-9ED536D7EA61}.Release|Any CPU.ActiveCfg = Release|Any CPU
		{B1C8212D-0561-FF7C-EEE2-9ED536D7EA61}.Release|Any CPU.Build.0 = Release|Any CPU
		{D68C1A50-78C3-CE6F-58CB-9DCC85248E47}.Debug|Any CPU.ActiveCfg = Debug|Any CPU
		{D68C1A50-78C3-CE6F-58CB-9DCC85248E47}.Debug|Any CPU.Build.0 = Debug|Any CPU
		{D68C1A50-78C3-CE6F-58CB-9DCC85248E47}.Release|Any CPU.ActiveCfg = Release|Any CPU
		{D68C1A50-78C3-CE6F-58CB-9DCC85248E47}.Release|Any CPU.Build.0 = Release|Any CPU
	EndGlobalSection
	GlobalSection(SolutionProperties) = preSolution
		HideSolutionNode = FALSE
	EndGlobalSection
EndGlobal
